
Microsoft Visual Studio Solution File, Format Version 12.00
# Visual Studio 14
VisualStudioVersion = 14.0.23107.0
MinimumVisualStudioVersion = 10.0.40219.1
Project("{FAE04EC0-301F-11D3-BF4B-00C04F79EFBC}") = "SData", "SData\SData.csproj", "{EB2480C4-A4FC-402E-B68D-0486D1E4D9DD}"
EndProject
Project("{FAE04EC0-301F-11D3-BF4B-00C04F79EFBC}") = "SData.Compiler", "SData.Compiler\SData.Compiler.csproj", "{7941CA32-B366-49AE-93D8-EE96691A50EB}"
EndProject
Project("{FAE04EC0-301F-11D3-BF4B-00C04F79EFBC}") = "SData.MSBuild", "SData.MSBuild\SData.MSBuild.csproj", "{D7BC9675-7D08-4683-9969-C02C73D1BF20}"
EndProject
Global
	GlobalSection(SolutionConfigurationPlatforms) = preSolution
		Debug|Any CPU = Debug|Any CPU
		Release|Any CPU = Release|Any CPU
	EndGlobalSection
	GlobalSection(ProjectConfigurationPlatforms) = postSolution
		{EB2480C4-A4FC-402E-B68D-0486D1E4D9DD}.Debug|Any CPU.ActiveCfg = Debug|Any CPU
		{EB2480C4-A4FC-402E-B68D-0486D1E4D9DD}.Debug|Any CPU.Build.0 = Debug|Any CPU
		{EB2480C4-A4FC-402E-B68D-0486D1E4D9DD}.Release|Any CPU.ActiveCfg = Release|Any CPU
		{EB2480C4-A4FC-402E-B68D-0486D1E4D9DD}.Release|Any CPU.Build.0 = Release|Any CPU
		{7941CA32-B366-49AE-93D8-EE96691A50EB}.Debug|Any CPU.ActiveCfg = Debug|Any CPU
		{7941CA32-B366-49AE-93D8-EE96691A50EB}.Debug|Any CPU.Build.0 = Debug|Any CPU
		{7941CA32-B366-49AE-93D8-EE96691A50EB}.Release|Any CPU.ActiveCfg = Release|Any CPU
		{7941CA32-B366-49AE-93D8-EE96691A50EB}.Release|Any CPU.Build.0 = Release|Any CPU
		{D7BC9675-7D08-4683-9969-C02C73D1BF20}.Debug|Any CPU.ActiveCfg = Debug|Any CPU
		{D7BC9675-7D08-4683-9969-C02C73D1BF20}.Debug|Any CPU.Build.0 = Debug|Any CPU
		{D7BC9675-7D08-4683-9969-C02C73D1BF20}.Release|Any CPU.ActiveCfg = Release|Any CPU
		{D7BC9675-7D08-4683-9969-C02C73D1BF20}.Release|Any CPU.Build.0 = Release|Any CPU
	EndGlobalSection
	GlobalSection(SolutionProperties) = preSolution
		HideSolutionNode = FALSE
	EndGlobalSection
EndGlobal
